Microsoft Visual Studio Solution File, Format Version 11.00
# Visual Studio 2010
Project("{C648E53B-49A2-5B3E-5B80-A2B91B5A9C01}") = "Argotlunar", "Argotlunar.vcxproj", "{D5090F88-9646-D939-4F00-474EAE4A2939}"
EndProject
Global
	GlobalSection(SolutionConfigurationPlatforms) = preSolution
		Release64|x64 = Release64|x64
		Release32|Win32 = Release32|Win32
	EndGlobalSection
	GlobalSection(ProjectConfigurationPlatforms) = postSolution
		{D5090F88-9646-D939-4F00-474EAE4A2939}.Release64|x64.ActiveCfg = Release64|x64
		{D5090F88-9646-D939-4F00-474EAE4A2939}.Release64|x64.Build.0 = Release64|x64
		{D5090F88-9646-D939-4F00-474EAE4A2939}.Release32|Win32.ActiveCfg = Release32|Win32
		{D5090F88-9646-D939-4F00-474EAE4A2939}.Release32|Win32.Build.0 = Release32|Win32
	EndGlobalSection
	GlobalSection(SolutionProperties) = preSolution
		HideSolutionNode = FALSE
	EndGlobalSection
EndGlobal
